
Microsoft Visual Studio Solution File, Format Version 12.00
# Visual Studio 15
VisualStudioVersion = 15.0.26430.16
MinimumVisualStudioVersion = 10.0.40219.1
Project("{FAE04EC0-301F-11D3-BF4B-00C04F79EFBC}") = "BE", "be_MiniPOrject\BE.csproj", "{6DE29B59-4961-4C48-836C-CC15F0CD7EF4}"
EndProject
Project("{FAE04EC0-301F-11D3-BF4B-00C04F79EFBC}") = "DAL", "dal\DAL.csproj", "{777A7D88-8BF4-44AE-87C6-D657AD9C10B4}"
EndProject
Project("{FAE04EC0-301F-11D3-BF4B-00C04F79EFBC}") = "PLWPF", "UL\PLWPF.csproj", "{689AA43A-6A3E-4192-BCBC-C630FB919D05}"
EndProject
Project("{FAE04EC0-301F-11D3-BF4B-00C04F79EFBC}") = "DS", "DS\DS.csproj", "{4DC8E6F3-E72D-4DB7-A669-A2F0AEF85A56}"
EndProject
Project("{FAE04EC0-301F-11D3-BF4B-00C04F79EFBC}") = "BL", "BL\BL.csproj", "{511B08D9-921D-4B07-8A55-7AF118851B8B}"
EndProject
Project("{FAE04EC0-301F-11D3-BF4B-00C04F79EFBC}") = "pl", "pl\pl.csproj", "{22DD3BD2-49A1-4911-A476-00B509CBCDAB}"
EndProject
Global
	GlobalSection(SolutionConfigurationPlatforms) = preSolution
		Debug|Any CPU = Debug|Any CPU
		Release|Any CPU = Release|Any CPU
	EndGlobalSection
	GlobalSection(ProjectConfigurationPlatforms) = postSolution
		{6DE29B59-4961-4C48-836C-CC15F0CD7EF4}.Debug|Any CPU.ActiveCfg = Debug|Any CPU
		{6DE29B59-4961-4C48-836C-CC15F0CD7EF4}.Debug|Any CPU.Build.0 = Debug|Any CPU
		{6DE29B59-4961-4C48-836C-CC15F0CD7EF4}.Release|Any CPU.ActiveCfg = Release|Any CPU
		{6DE29B59-4961-4C48-836C-CC15F0CD7EF4}.Release|Any CPU.Build.0 = Release|Any CPU
		{777A7D88-8BF4-44AE-87C6-D657AD9C10B4}.Debug|Any CPU.ActiveCfg = Debug|Any CPU
		{777A7D88-8BF4-44AE-87C6-D657AD9C10B4}.Debug|Any CPU.Build.0 = Debug|Any CPU
		{777A7D88-8BF4-44AE-87C6-D657AD9C10B4}.Release|Any CPU.ActiveCfg = Release|Any CPU
		{777A7D88-8BF4-44AE-87C6-D657AD9C10B4}.Release|Any CPU.Build.0 = Release|Any CPU
		{689AA43A-6A3E-4192-BCBC-C630FB919D05}.Debug|Any CPU.ActiveCfg = Debug|Any CPU
		{689AA43A-6A3E-4192-BCBC-C630FB919D05}.Debug|Any CPU.Build.0 = Debug|Any CPU
		{689AA43A-6A3E-4192-BCBC-C630FB919D05}.Release|Any CPU.ActiveCfg = Release|Any CPU
		{689AA43A-6A3E-4192-BCBC-C630FB919D05}.Release|Any CPU.Build.0 = Release|Any CPU
		{4DC8E6F3-E72D-4DB7-A669-A2F0AEF85A56}.Debug|Any CPU.ActiveCfg = Debug|Any CPU
		{4DC8E6F3-E72D-4DB7-A669-A2F0AEF85A56}.Debug|Any CPU.Build.0 = Debug|Any CPU
		{4DC8E6F3-E72D-4DB7-A669-A2F0AEF85A56}.Release|Any CPU.ActiveCfg = Release|Any CPU
		{4DC8E6F3-E72D-4DB7-A669-A2F0AEF85A56}.Release|Any CPU.Build.0 = Release|Any CPU
		{511B08D9-921D-4B07-8A55-7AF118851B8B}.Debug|Any CPU.ActiveCfg = Debug|Any CPU
		{511B08D9-921D-4B07-8A55-7AF118851B8B}.Debug|Any CPU.Build.0 = Debug|Any CPU
		{511B08D9-921D-4B07-8A55-7AF118851B8B}.Release|Any CPU.ActiveCfg = Release|Any CPU
		{511B08D9-921D-4B07-8A55-7AF118851B8B}.Release|Any CPU.Build.0 = Release|Any CPU
		{22DD3BD2-49A1-4911-A476-00B509CBCDAB}.Debug|Any CPU.ActiveCfg = Debug|Any CPU
		{22DD3BD2-49A1-4911-A476-00B509CBCDAB}.Debug|Any CPU.Build.0 = Debug|Any CPU
		{22DD3BD2-49A1-4911-A476-00B509CBCDAB}.Release|Any CPU.ActiveCfg = Release|Any CPU
		{22DD3BD2-49A1-4911-A476-00B509CBCDAB}.Release|Any CPU.Build.0 = Release|Any CPU
	EndGlobalSection
	GlobalSection(SolutionProperties) = preSolution
		HideSolutionNode = FALSE
	EndGlobalSection
	GlobalSection(ExtensibilityGlobals) = postSolution
		SolutionGuid = {6FFF656A-7F64-4E13-A6C4-CB3BE6EF87DB}
	EndGlobalSection
EndGlobal
